
Microsoft Visual Studio Solution File, Format Version 12.00
# Visual Studio Version 16
VisualStudioVersion = 16.0.33328.57
MinimumVisualStudioVersion = 10.0.40219.1
Project("{FAE04EC0-301F-11D3-BF4B-00C04F79EFBC}") = "Version4", "Version4\Version4.csproj", "{1C6FE3DD-4D11-4D50-AEAE-1B317F5636CC}"
EndProject
Global
	GlobalSection(SolutionConfigurationPlatforms) = preSolution
		Debug|Any CPU = Debug|Any CPU
		Release|Any CPU = Release|Any CPU
	EndGlobalSection
	GlobalSection(ProjectConfigurationPlatforms) = postSolution
		{1C6FE3DD-4D11-4D50-AEAE-1B317F5636CC}.Debug|Any CPU.ActiveCfg = Debug|Any CPU
		{1C6FE3DD-4D11-4D50-AEAE-1B317F5636CC}.Debug|Any CPU.Build.0 = Debug|Any CPU
		{1C6FE3DD-4D11-4D50-AEAE-1B317F5636CC}.Release|Any CPU.ActiveCfg = Release|Any CPU
		{1C6FE3DD-4D11-4D50-AEAE-1B317F5636CC}.Release|Any CPU.Build.0 = Release|Any CPU
	EndGlobalSection
	GlobalSection(SolutionProperties) = preSolution
		HideSolutionNode = FALSE
	EndGlobalSection
	GlobalSection(ExtensibilityGlobals) = postSolution
		SolutionGuid = {7BBC67AF-9705-4EDC-9399-DBF5C10EEF91}
	EndGlobalSection
EndGlobal
